
Microsoft Visual Studio Solution File, Format Version 12.00
# Visual Studio 15
VisualStudioVersion = 15.0.28307.421
MinimumVisualStudioVersion = 10.0.40219.1
Project("{FAE04EC0-301F-11D3-BF4B-00C04F79EFBC}") = "Car", "Car\Car.csproj", "{F5EEC8FA-DD2E-4E67-B07D-A8F11806A775}"
EndProject
Global
	GlobalSection(SolutionConfigurationPlatforms) = preSolution
		Debug|Any CPU = Debug|Any CPU
		Release|Any CPU = Release|Any CPU
	EndGlobalSection
	GlobalSection(ProjectConfigurationPlatforms) = postSolution
		{F5EEC8FA-DD2E-4E67-B07D-A8F11806A775}.Debug|Any CPU.ActiveCfg = Debug|Any CPU
		{F5EEC8FA-DD2E-4E67-B07D-A8F11806A775}.Debug|Any CPU.Build.0 = Debug|Any CPU
		{F5EEC8FA-DD2E-4E67-B07D-A8F11806A775}.Release|Any CPU.ActiveCfg = Release|Any CPU
		{F5EEC8FA-DD2E-4E67-B07D-A8F11806A775}.Release|Any CPU.Build.0 = Release|Any CPU
	EndGlobalSection
	GlobalSection(SolutionProperties) = preSolution
		HideSolutionNode = FALSE
	EndGlobalSection
	GlobalSection(ExtensibilityGlobals) = postSolution
		SolutionGuid = {98BB29CC-5DFA-434D-83D9-884CBFACB91C}
	EndGlobalSection
EndGlobal
